// !$*UTF8*$!
{
	archiveVersion = 1;
	classes = {
	};
	objectVersion = 46;
	objects = {

/* Begin PBXBuildFile section */
		3CE6876C1AF54EEB0076FFE6 /* AppDelegate.m in Sources */ = {isa = PBXBuildFile; fileRef = 3CE6876B1AF54EEB0076FFE6 /* AppDelegate.m */; };
		3CE6876E1AF54EEB0076FFE6 /* main.m in Sources */ = {isa = PBXBuildFile; fileRef = 3CE6876D1AF54EEB0076FFE6 /* main.m */; };
		3CE687701AF54EEB0076FFE6 /* Images.xcassets in Resources */ = {isa = PBXBuildFile; fileRef = 3CE6876F1AF54EEB0076FFE6 /* Images.xcassets */; };
		3CE6877F1AF54EEB0076FFE6 /* OmniSpacesTests.m in Sources */ = {isa = PBXBuildFile; fileRef = 3CE6877E1AF54EEB0076FFE6 /* OmniSpacesTests.m */; };
/* End PBXBuildFile section */

/* Begin PBXContainerItemProxy section */
		3CE687791AF54EEB0076FFE6 /* PBXContainerItemProxy */ = {
			isa = PBXContainerItemProxy;
			containerPortal = 3CE6875D1AF54EEB0076FFE6 /* Project object */;
			proxyType = 1;
			remoteGlobalIDString = 3CE687641AF54EEB0076FFE6;
			remoteInfo = OmniSpaces;
		};
/* End PBXContainerItemProxy section */

/* Begin PBXFileReference section */
		3CE687651AF54EEB0076FFE6 /* OmniSpaces.app */ = {isa = PBXFileReference; explicitFileType = wrapper.application; includeInIndex = 0; path = OmniSpaces.app; sourceTree = BUILT_PRODUCTS_DIR; };
		3CE687691AF54EEB0076FFE6 /* Info.plist */ = {isa = PBXFileReference; lastKnownFileType = text.plist.xml; path = Info.plist; sourceTree = "<group>"; };
		3CE6876A1AF54EEB0076FFE6 /* AppDelegate.h */ = {isa = PBXFileReference; lastKnownFileType = sourcecode.c.h; path = AppDelegate.h; sourceTree = "<group>"; };
		3CE6876B1AF54EEB0076FFE6 /* AppDelegate.m */ = {isa = PBXFileReference; lastKnownFileType = sourcecode.c.objc; path = AppDelegate.m; sourceTree = "<group>"; };
		3CE6876D1AF54EEB0076FFE6 /* main.m */ = {isa = PBXFileReference; lastKnownFileType = sourcecode.c.objc; path = main.m; sourceTree = "<group>"; };
		3CE6876F1AF54EEB0076FFE6 /* Images.xcassets */ = {isa = PBXFileReference; lastKnownFileType = folder.assetcatalog; path = Images.xcassets; sourceTree = "<group>"; };
		3CE687781AF54EEB0076FFE6 /* OmniSpacesTests.xctest */ = {isa = PBXFileReference; explicitFileType = wrapper.cfbundle; includeInIndex = 0; path = OmniSpacesTests.xctest; sourceTree = BUILT_PRODUCTS_DIR; };
		3CE6877D1AF54EEB0076FFE6 /* Info.plist */ = {isa = PBXFileReference; lastKnownFileType = text.plist.xml; path = Info.plist; sourceTree = "<group>"; };
		3CE6877E1AF54EEB0076FFE6 /* OmniSpacesTests.m */ = {isa = PBXFileReference; lastKnownFileType = sourcecode.c.objc; path = OmniSpacesTests.m; sourceTree = "<group>"; };
		3CE687881AF54EFA0076FFE6 /* CGSPrivate.h */ = {isa = PBXFileReference; lastKnownFileType = sourcecode.c.h; path = CGSPrivate.h; sourceTree = "<group>"; };
/* End PBXFileReference section */

/* Begin PBXFrameworksBuildPhase section */
		3CE687621AF54EEB0076FFE6 /* Frameworks */ = {
			isa = PBXFrameworksBuildPhase;
			buildActionMask = 2147483647;
			files = (
			);
			runOnlyForDeploymentPostprocessing = 0;
		};
		3CE687751AF54EEB0076FFE6 /* Frameworks */ = {
			isa = PBXFrameworksBuildPhase;
			buildActionMask = 2147483647;
			files = (
			);
			runOnlyForDeploymentPostprocessing = 0;
		};
/* End PBXFrameworksBuildPhase section */

/* Begin PBXGroup section */
		3CE6875C1AF54EEB0076FFE6 = {
			isa = PBXGroup;
			children = (
				3CE687671AF54EEB0076FFE6 /* OmniSpaces */,
				3CE6877B1AF54EEB0076FFE6 /* OmniSpacesTests */,
				3CE687661AF54EEB0076FFE6 /* Products */,
			);
			sourceTree = "<group>";
		};
		3CE687661AF54EEB0076FFE6 /* Products */ = {
			isa = PBXGroup;
			children = (
				3CE687651AF54EEB0076FFE6 /* OmniSpaces.app */,
				3CE687781AF54EEB0076FFE6 /* OmniSpacesTests.xctest */,
			);
			name = Products;
			sourceTree = "<group>";
		};
		3CE687671AF54EEB0076FFE6 /* OmniSpaces */ = {
			isa = PBXGroup;
			children = (
				3CE6876A1AF54EEB0076FFE6 /* AppDelegate.h */,
				3CE6876B1AF54EEB0076FFE6 /* AppDelegate.m */,
				3CE6876F1AF54EEB0076FFE6 /* Images.xcassets */,
				3CE687681AF54EEB0076FFE6 /* Supporting Files */,
				3CE687881AF54EFA0076FFE6 /* CGSPrivate.h */,
			);
			path = OmniSpaces;
			sourceTree = "<group>";
		};
		3CE687681AF54EEB0076FFE6 /* Supporting Files */ = {
			isa = PBXGroup;
			children = (
				3CE687691AF54EEB0076FFE6 /* Info.plist */,
				3CE6876D1AF54EEB0076FFE6 /* main.m */,
			);
			name = "Supporting Files";
			sourceTree = "<group>";
		};
		3CE6877B1AF54EEB0076FFE6 /* OmniSpacesTests */ = {
			isa = PBXGroup;
			children = (
				3CE6877E1AF54EEB0076FFE6 /* OmniSpacesTests.m */,
				3CE6877C1AF54EEB0076FFE6 /* Supporting Files */,
			);
			path = OmniSpacesTests;
			sourceTree = "<group>";
		};
		3CE6877C1AF54EEB0076FFE6 /* Supporting Files */ = {
			isa = PBXGroup;
			children = (
				3CE6877D1AF54EEB0076FFE6 /* Info.plist */,
			);
			name = "Supporting Files";
			sourceTree = "<group>";
		};
/* End PBXGroup section */

/* Begin PBXNativeTarget section */
		3CE687641AF54EEB0076FFE6 /* OmniSpaces */ = {
			isa = PBXNativeTarget;
			buildConfigurationList = 3CE687821AF54EEB0076FFE6 /* Build configuration list for PBXNativeTarget "OmniSpaces" */;
			buildPhases = (
				3CE687611AF54EEB0076FFE6 /* Sources */,
				3CE687621AF54EEB0076FFE6 /* Frameworks */,
				3CE687631AF54EEB0076FFE6 /* Resources */,
			);
			buildRules = (
			);
			dependencies = (
			);
			name = OmniSpaces;
			productName = OmniSpaces;
			productReference = 3CE687651AF54EEB0076FFE6 /* OmniSpaces.app */;
			productType = "com.apple.product-type.application";
		};
		3CE687771AF54EEB0076FFE6 /* OmniSpacesTests */ = {
			isa = PBXNativeTarget;
			buildConfigurationList = 3CE687851AF54EEB0076FFE6 /* Build configuration list for PBXNativeTarget "OmniSpacesTests" */;
			buildPhases = (
				3CE687741AF54EEB0076FFE6 /* Sources */,
				3CE687751AF54EEB0076FFE6 /* Frameworks */,
				3CE687761AF54EEB0076FFE6 /* Resources */,
			);
			buildRules = (
			);
			dependencies = (
				3CE6877A1AF54EEB0076FFE6 /* PBXTargetDependency */,
			);
			name = OmniSpacesTests;
			productName = OmniSpacesTests;
			productReference = 3CE687781AF54EEB0076FFE6 /* OmniSpacesTests.xctest */;
			productType = "com.apple.product-type.bundle.unit-test";
		};
/* End PBXNativeTarget section */

/* Begin PBXProject section */
		3CE6875D1AF54EEB0076FFE6 /* Project object */ = {
			isa = PBXProject;
			attributes = {
				LastUpgradeCheck = 0630;
				ORGANIZATIONNAME = "Ian Macalinao";
				TargetAttributes = {
					3CE687641AF54EEB0076FFE6 = {
						CreatedOnToolsVersion = 6.3.1;
					};
					3CE687771AF54EEB0076FFE6 = {
						CreatedOnToolsVersion = 6.3.1;
						TestTargetID = 3CE687641AF54EEB0076FFE6;
					};
				};
			};
			buildConfigurationList = 3CE687601AF54EEB0076FFE6 /* Build configuration list for PBXProject "OmniSpaces" */;
			compatibilityVersion = "Xcode 3.2";
			developmentRegion = English;
			hasScannedForEncodings = 0;
			knownRegions = (
				en,
				Base,
			);
			mainGroup = 3CE6875C1AF54EEB0076FFE6;
			productRefGroup = 3CE687661AF54EEB0076FFE6 /* Products */;
			projectDirPath = "";
			projectRoot = "";
			targets = (
				3CE687641AF54EEB0076FFE6 /* OmniSpaces */,
				3CE687771AF54EEB0076FFE6 /* OmniSpacesTests */,
			);
		};
/* End PBXProject section */

/* Begin PBXResourcesBuildPhase section */
		3CE687631AF54EEB0076FFE6 /* Resources */ = {
			isa = PBXResourcesBuildPhase;
			buildActionMask = 2147483647;
			files = (
				3CE687701AF54EEB0076FFE6 /* Images.xcassets in Resources */,
			);
			runOnlyForDeploymentPostprocessing = 0;
		};
		3CE687761AF54EEB0076FFE6 /* Resources */ = {
			isa = PBXResourcesBuildPhase;
			buildActionMask = 2147483647;
			files = (
			);
			runOnlyForDeploymentPostprocessing = 0;
		};
/* End PBXResourcesBuildPhase section */

/* Begin PBXSourcesBuildPhase section */
		3CE687611AF54EEB0076FFE6 /* Sources */ = {
			isa = PBXSourcesBuildPhase;
			buildActionMask = 2147483647;
			files = (
				3CE6876E1AF54EEB0076FFE6 /* main.m in Sources */,
				3CE6876C1AF54EEB0076FFE6 /* AppDelegate.m in Sources */,
			);
			runOnlyForDeploymentPostprocessing = 0;
		};
		3CE687741AF54EEB0076FFE6 /* Sources */ = {
			isa = PBXSourcesBuildPhase;
			buildActionMask = 2147483647;
			files = (
				3CE6877F1AF54EEB0076FFE6 /* OmniSpacesTests.m in Sources */,
			);
			runOnlyForDeploymentPostprocessing = 0;
		};
/* End PBXSourcesBuildPhase section */

/* Begin PBXTargetDependency section */
		3CE6877A1AF54EEB0076FFE6 /* PBXTargetDependency */ = {
			isa = PBXTargetDependency;
			target = 3CE687641AF54EEB0076FFE6 /* OmniSpaces */;
			targetProxy = 3CE687791AF54EEB0076FFE6 /* PBXContainerItemProxy */;
		};
/* End PBXTargetDependency section */

/* Begin XCBuildConfiguration section */
		3CE687801AF54EEB0076FFE6 /* Debug */ = {
			isa = XCBuildConfiguration;
			buildSettings = {
				ALWAYS_SEARCH_USER_PATHS = NO;
				CLANG_CXX_LANGUAGE_STANDARD = "gnu++0x";
				CLANG_CXX_LIBRARY = "libc++";
				CLANG_ENABLE_MODULES = YES;
				CLANG_ENABLE_OBJC_ARC = YES;
				CLANG_WARN_BOOL_CONVERSION = YES;
				CLANG_WARN_CONSTANT_CONVERSION = YES;
				CLANG_WARN_DIRECT_OBJC_ISA_USAGE = YES_ERROR;
				CLANG_WARN_EMPTY_BODY = YES;
				CLANG_WARN_ENUM_CONVERSION = YES;
				CLANG_WARN_INT_CONVERSION = YES;
				CLANG_WARN_OBJC_ROOT_CLASS = YES_ERROR;
				CLANG_WARN_UNREACHABLE_CODE = YES;
				CLANG_WARN__DUPLICATE_METHOD_MATCH = YES;
				CODE_SIGN_IDENTITY = "-";
				COPY_PHASE_STRIP = NO;
				DEBUG_INFORMATION_FORMAT = dwarf;
				ENABLE_STRICT_OBJC_MSGSEND = YES;
				GCC_C_LANGUAGE_STANDARD = gnu99;
				GCC_DYNAMIC_NO_PIC = NO;
				GCC_NO_COMMON_BLOCKS = YES;
				GCC_OPTIMIZATION_LEVEL = 0;
				GCC_PREPROCESSOR_DEFINITIONS = (
					"DEBUG=1",
					"$(inherited)",
				);
				GCC_SYMBOLS_PRIVATE_EXTERN = NO;
				GCC_WARN_64_TO_32_BIT_CONVERSION = YES;
				GCC_WARN_ABOUT_RETURN_TYPE = YES_ERROR;
				GCC_WARN_UNDECLARED_SELECTOR = YES;
				GCC_WARN_UNINITIALIZED_AUTOS = YES_AGGRESSIVE;
				GCC_WARN_UNUSED_FUNCTION = YES;
				GCC_WARN_UNUSED_VARIABLE = YES;
				MACOSX_DEPLOYMENT_TARGET = 10.10;
				MTL_ENABLE_DEBUG_INFO = YES;
				ONLY_ACTIVE_ARCH = YES;
				SDKROOT = macosx;
			};
			name = Debug;
		};
		3CE687811AF54EEB0076FFE6 /* Release */ = {
			isa = XCBuildConfiguration;
			buildSettings = {
				ALWAYS_SEARCH_USER_PATHS = NO;
				CLANG_CXX_LANGUAGE_STANDARD = "gnu++0x";
				CLANG_CXX_LIBRARY = "libc++";
				CLANG_ENABLE_MODULES = YES;
				CLANG_ENABLE_OBJC_ARC = YES;
				CLANG_WARN_BOOL_CONVERSION = YES;
				CLANG_WARN_CONSTANT_CONVERSION = YES;
				CLANG_WARN_DIRECT_OBJC_ISA_USAGE = YES_ERROR;
				CLANG_WARN_EMPTY_BODY = YES;
				CLANG_WARN_ENUM_CONVERSION = YES;
				CLANG_WARN_INT_CONVERSION = YES;
				CLANG_WARN_OBJC_ROOT_CLASS = YES_ERROR;
				CLANG_WARN_UNREACHABLE_CODE = YES;
				CLANG_WARN__DUPLICATE_METHOD_MATCH = YES;
				CODE_SIGN_IDENTITY = "-";
				COPY_PHASE_STRIP = NO;
				DEBUG_INFORMATION_FORMAT = "dwarf-with-dsym";
				ENABLE_NS_ASSERTIONS = NO;
				ENABLE_STRICT_OBJC_MSGSEND = YES;
				GCC_C_LANGUAGE_STANDARD = gnu99;
				GCC_NO_COMMON_BLOCKS = YES;
				GCC_WARN_64_TO_32_BIT_CONVERSION = YES;
				GCC_WARN_ABOUT_RETURN_TYPE = YES_ERROR;
				GCC_WARN_UNDECLARED_SELECTOR = YES;
				GCC_WARN_UNINITIALIZED_AUTOS = YES_AGGRESSIVE;
				GCC_WARN_UNUSED_FUNCTION = YES;
				GCC_WARN_UNUSED_VARIABLE = YES;
				MACOSX_DEPLOYMENT_TARGET = 10.10;
				MTL_ENABLE_DEBUG_INFO = NO;
				SDKROOT = macosx;
			};
			name = Release;
		};
		3CE687831AF54EEB0076FFE6 /* Debug */ = {
			isa = XCBuildConfiguration;
			buildSettings = {
				ASSETCATALOG_COMPILER_APPICON_NAME = AppIcon;
				COMBINE_HIDPI_IMAGES = YES;
				INFOPLIST_FILE = OmniSpaces/Info.plist;
				LD_RUNPATH_SEARCH_PATHS = "$(inherited) @executable_path/../Frameworks";
				PRODUCT_NAME = "$(TARGET_NAME)";
			};
			name = Debug;
		};
		3CE687841AF54EEB0076FFE6 /* Release */ = {
			isa = XCBuildConfiguration;
			buildSettings = {
				ASSETCATALOG_COMPILER_APPICON_NAME = AppIcon;
				COMBINE_HIDPI_IMAGES = YES;
				INFOPLIST_FILE = OmniSpaces/Info.plist;
				LD_RUNPATH_SEARCH_PATHS = "$(inherited) @executable_path/../Frameworks";
				PRODUCT_NAME = "$(TARGET_NAME)";
			};
			name = Release;
		};
		3CE687861AF54EEB0076FFE6 /* Debug */ = {
			isa = XCBuildConfiguration;
			buildSettings = {
				BUNDLE_LOADER = "$(TEST_HOST)";
				COMBINE_HIDPI_IMAGES = YES;
				FRAMEWORK_SEARCH_PATHS = (
					"$(DEVELOPER_FRAMEWORKS_DIR)",
					"$(inherited)",
				);
				GCC_PREPROCESSOR_DEFINITIONS = (
					"DEBUG=1",
					"$(inherited)",
				);
				INFOPLIST_FILE = OmniSpacesTests/Info.plist;
				LD_RUNPATH_SEARCH_PATHS = "$(inherited) @executable_path/../Frameworks @loader_path/../Frameworks";
				PRODUCT_NAME = "$(TARGET_NAME)";
				TEST_HOST = "$(BUILT_PRODUCTS_DIR)/OmniSpaces.app/Contents/MacOS/OmniSpaces";
			};
			name = Debug;
		};
		3CE687871AF54EEB0076FFE6 /* Release */ = {
			isa = XCBuildConfiguration;
			buildSettings = {
				BUNDLE_LOADER = "$(TEST_HOST)";
				COMBINE_HIDPI_IMAGES = YES;
				FRAMEWORK_SEARCH_PATHS = (
					"$(DEVELOPER_FRAMEWORKS_DIR)",
					"$(inherited)",
				);
				INFOPLIST_FILE = OmniSpacesTests/Info.plist;
				LD_RUNPATH_SEARCH_PATHS = "$(inherited) @executable_path/../Frameworks @loader_path/../Frameworks";
				PRODUCT_NAME = "$(TARGET_NAME)";
				TEST_HOST = "$(BUILT_PRODUCTS_DIR)/OmniSpaces.app/Contents/MacOS/OmniSpaces";
			};
			name = Release;
		};
/* End XCBuildConfiguration section */

/* Begin XCConfigurationList section */
		3CE687601AF54EEB0076FFE6 /* Build configuration list for PBXProject "OmniSpaces" */ = {
			isa = XCConfigurationList;
			buildConfigurations = (
				3CE687801AF54EEB0076FFE6 /* Debug */,
				3CE687811AF54EEB0076FFE6 /* Release */,
			);
			defaultConfigurationIsVisible = 0;
			defaultConfigurationName = Release;
		};
		3CE687821AF54EEB0076FFE6 /* Build configuration list for PBXNativeTarget "OmniSpaces" */ = {
			isa = XCConfigurationList;
			buildConfigurations = (
				3CE687831AF54EEB0076FFE6 /* Debug */,
				3CE687841AF54EEB0076FFE6 /* Release */,
			);
			defaultConfigurationIsVisible = 0;
			defaultConfigurationName = Release;
		};
		3CE687851AF54EEB0076FFE6 /* Build configuration list for PBXNativeTarget "OmniSpacesTests" */ = {
			isa = XCConfigurationList;
			buildConfigurations = (
				3CE687861AF54EEB0076FFE6 /* Debug */,
				3CE687871AF54EEB0076FFE6 /* Release */,
			);
			defaultConfigurationIsVisible = 0;
			defaultConfigurationName = Release;
		};
/* End XCConfigurationList section */
	};
	rootObject = 3CE6875D1AF54EEB0076FFE6 /* Project object */;
}
